
Microsoft Visual Studio Solution File, Format Version 12.00
# Visual Studio Version 17
VisualStudioVersion = 17.3.32929.385
MinimumVisualStudioVersion = 10.0.40219.1
Project("{FAE04EC0-301F-11D3-BF4B-00C04F79EFBC}") = "RaulPruebaTecnica", "RaulPruebaTecnica\RaulPruebaTecnica.csproj", "{DF2FC0F9-55F8-468A-B374-A2AE2264BFF6}"
EndProject
Project("{FAE04EC0-301F-11D3-BF4B-00C04F79EFBC}") = "RaulPruebaTecnica.Models", "RaulPruebaTecnica.Models\RaulPruebaTecnica.Models.csproj", "{6B057E60-C462-469E-98DD-E1008FDA64ED}"
EndProject
Project("{FAE04EC0-301F-11D3-BF4B-00C04F79EFBC}") = "RaulPruebaTecnica.Service", "RaulPruebaTecnica.Service\RaulPruebaTecnica.Service.csproj", "{385C63D3-87EE-49F4-88DD-C29C297D0DFE}"
EndProject
Project("{FAE04EC0-301F-11D3-BF4B-00C04F79EFBC}") = "RaulPruebaTecnica.Repository", "RaulPruebaTecnica.Repository\RaulPruebaTecnica.Repository.csproj", "{A8F041BE-AADE-40D1-81BD-9D224BE7D683}"
EndProject
Project("{FAE04EC0-301F-11D3-BF4B-00C04F79EFBC}") = "RaulPruebaTecnicaTests", "RaulPruebaTecnicaTests\RaulPruebaTecnicaTests.csproj", "{E2C1E3B3-5F8B-4914-8C70-9F58B96DFEB1}"
EndProject
Global
	GlobalSection(SolutionConfigurationPlatforms) = preSolution
		Debug|Any CPU = Debug|Any CPU
		Release|Any CPU = Release|Any CPU
	EndGlobalSection
	GlobalSection(ProjectConfigurationPlatforms) = postSolution
		{DF2FC0F9-55F8-468A-B374-A2AE2264BFF6}.Debug|Any CPU.ActiveCfg = Debug|Any CPU
		{DF2FC0F9-55F8-468A-B374-A2AE2264BFF6}.Debug|Any CPU.Build.0 = Debug|Any CPU
		{DF2FC0F9-55F8-468A-B374-A2AE2264BFF6}.Release|Any CPU.ActiveCfg = Release|Any CPU
		{DF2FC0F9-55F8-468A-B374-A2AE2264BFF6}.Release|Any CPU.Build.0 = Release|Any CPU
		{6B057E60-C462-469E-98DD-E1008FDA64ED}.Debug|Any CPU.ActiveCfg = Debug|Any CPU
		{6B057E60-C462-469E-98DD-E1008FDA64ED}.Debug|Any CPU.Build.0 = Debug|Any CPU
		{6B057E60-C462-469E-98DD-E1008FDA64ED}.Release|Any CPU.ActiveCfg = Release|Any CPU
		{6B057E60-C462-469E-98DD-E1008FDA64ED}.Release|Any CPU.Build.0 = Release|Any CPU
		{385C63D3-87EE-49F4-88DD-C29C297D0DFE}.Debug|Any CPU.ActiveCfg = Debug|Any CPU
		{385C63D3-87EE-49F4-88DD-C29C297D0DFE}.Debug|Any CPU.Build.0 = Debug|Any CPU
		{385C63D3-87EE-49F4-88DD-C29C297D0DFE}.Release|Any CPU.ActiveCfg = Release|Any CPU
		{385C63D3-87EE-49F4-88DD-C29C297D0DFE}.Release|Any CPU.Build.0 = Release|Any CPU
		{A8F041BE-AADE-40D1-81BD-9D224BE7D683}.Debug|Any CPU.ActiveCfg = Debug|Any CPU
		{A8F041BE-AADE-40D1-81BD-9D224BE7D683}.Debug|Any CPU.Build.0 = Debug|Any CPU
		{A8F041BE-AADE-40D1-81BD-9D224BE7D683}.Release|Any CPU.ActiveCfg = Release|Any CPU
		{A8F041BE-AADE-40D1-81BD-9D224BE7D683}.Release|Any CPU.Build.0 = Release|Any CPU
		{E2C1E3B3-5F8B-4914-8C70-9F58B96DFEB1}.Debug|Any CPU.ActiveCfg = Debug|Any CPU
		{E2C1E3B3-5F8B-4914-8C70-9F58B96DFEB1}.Debug|Any CPU.Build.0 = Debug|Any CPU
		{E2C1E3B3-5F8B-4914-8C70-9F58B96DFEB1}.Release|Any CPU.ActiveCfg = Release|Any CPU
		{E2C1E3B3-5F8B-4914-8C70-9F58B96DFEB1}.Release|Any CPU.Build.0 = Release|Any CPU
	EndGlobalSection
	GlobalSection(SolutionProperties) = preSolution
		HideSolutionNode = FALSE
	EndGlobalSection
	GlobalSection(ExtensibilityGlobals) = postSolution
		SolutionGuid = {EC7199C9-A40D-44BD-B23B-62BEDB1815BC}
	EndGlobalSection
EndGlobal
